
Microsoft Visual Studio Solution File, Format Version 12.00
# Visual Studio Version 16
VisualStudioVersion = 16.0.30104.148
MinimumVisualStudioVersion = 10.0.40219.1
Project("{FAE04EC0-301F-11D3-BF4B-00C04F79EFBC}") = "CapaEntidad", "Capas\CapaEntidad\CapaEntidad.csproj", "{34248FD8-654D-480D-B7B2-E420137BF6F8}"
EndProject
Project("{FAE04EC0-301F-11D3-BF4B-00C04F79EFBC}") = "CapaDatos", "Capas\CapaDatos\CapaDatos.csproj", "{BF545AD9-4151-4739-BFEA-D522F2B215B6}"
EndProject
Project("{FAE04EC0-301F-11D3-BF4B-00C04F79EFBC}") = "GeneralSQL", "Capas\GeneralSQL\GeneralSQL.csproj", "{EAF99876-705B-4560-A374-712E6B122A53}"
EndProject
Project("{FAE04EC0-301F-11D3-BF4B-00C04F79EFBC}") = "Herramienta", "Capas\Herramienta\Herramienta.csproj", "{91FACF82-BD98-4A38-8DD1-A396F1649039}"
EndProject
Project("{FAE04EC0-301F-11D3-BF4B-00C04F79EFBC}") = "CapaLogica", "Capas\CapaLogica\CapaLogica.csproj", "{0175DB47-DB82-4046-9B5A-E52121314D7F}"
EndProject
Project("{E24C65DC-7377-472B-9ABA-BC803B73C61A}") = "WSRepObservatorio", "WSRepObservatorio\", "{67137E75-A40A-4606-B536-7E2335B63DFB}"
	ProjectSection(WebsiteProperties) = preProject
		SccProjectName = "SAK"
		SccAuxPath = "SAK"
		SccLocalPath = "SAK"
		SccProvider = "SAK"
		TargetFrameworkMoniker = ".NETFramework,Version%3Dv4.6"
		ProjectReferences = "{0175db47-db82-4046-9b5a-e52121314d7f}|CapaLogica.dll;{91FACF82-BD98-4A38-8DD1-A396F1649039}|Herramienta.dll;{BF545AD9-4151-4739-BFEA-D522F2B215B6}|CapaDatos.dll;{EAF99876-705B-4560-A374-712E6B122A53}|GeneralSQL.dll;{34248FD8-654D-480D-B7B2-E420137BF6F8}|CapaEntidad.dll;"
		Debug.AspNetCompiler.VirtualPath = "/localhost_50425"
		Debug.AspNetCompiler.PhysicalPath = "WSRepObservatorio\"
		Debug.AspNetCompiler.TargetPath = "PrecompiledWeb\localhost_50425\"
		Debug.AspNetCompiler.Updateable = "true"
		Debug.AspNetCompiler.ForceOverwrite = "true"
		Debug.AspNetCompiler.FixedNames = "false"
		Debug.AspNetCompiler.Debug = "True"
		Release.AspNetCompiler.VirtualPath = "/localhost_50425"
		Release.AspNetCompiler.PhysicalPath = "WSRepObservatorio\"
		Release.AspNetCompiler.TargetPath = "PrecompiledWeb\localhost_50425\"
		Release.AspNetCompiler.Updateable = "true"
		Release.AspNetCompiler.ForceOverwrite = "true"
		Release.AspNetCompiler.FixedNames = "false"
		Release.AspNetCompiler.Debug = "False"
		VWDPort = "50425"
		SlnRelativePath = "WSRepObservatorio\"
	EndProjectSection
EndProject
Project("{FAE04EC0-301F-11D3-BF4B-00C04F79EFBC}") = "Estadisticas", "Estadisticas\Estadisticas.csproj", "{6B3CFE33-1E6B-4681-A5E1-81C465264454}"
EndProject
Project("{FAE04EC0-301F-11D3-BF4B-00C04F79EFBC}") = "WSSIGOsfc", "WSSIGOsfc\WSSIGOsfc.csproj", "{82D92A91-011F-49A1-BBD1-BAB602F4BCF3}"
EndProject
Project("{FAE04EC0-301F-11D3-BF4B-00C04F79EFBC}") = "SIGOFCv3", "SIGOFCv3\SIGOFCv3.csproj", "{18696DE0-1065-402E-8754-A048A18229B3}"
EndProject
Project("{9A19103F-16F7-4668-BE54-9A1E7A4F7556}") = "WApiSigoSFC", "WApiSigoSFC\WApiSigoSFC.csproj", "{69AAB02F-17CB-462F-9350-BA0D17FBB2BA}"
EndProject
Project("{FAE04EC0-301F-11D3-BF4B-00C04F79EFBC}") = "AlertasSupervision", "AlertasSupervision\AlertasSupervision.csproj", "{B0CAA51A-AB8E-4AD9-A8BE-B0B62A677E9C}"
EndProject
Project("{FAE04EC0-301F-11D3-BF4B-00C04F79EFBC}") = "HistorialTH", "HistorialTH\HistorialTH.csproj", "{CE713B2B-01D4-4CDF-B48A-CDAE371CDF77}"
EndProject
Project("{FAE04EC0-301F-11D3-BF4B-00C04F79EFBC}") = "InfractoresSupervision", "InfractoresSupervision\InfractoresSupervision.csproj", "{8919DBBA-EE45-4CFA-9401-4E26C2D7B041}"
EndProject
Project("{FAE04EC0-301F-11D3-BF4B-00C04F79EFBC}") = "Medidas", "Medidas\Medidas.csproj", "{CD569237-62D6-4BE3-8DB9-B052C14E0C32}"
EndProject
Project("{FAE04EC0-301F-11D3-BF4B-00C04F79EFBC}") = "Observatorio", "Observatorio\Observatorio.csproj", "{B9C493E7-CF71-49F6-BA9B-FC361FB1FDC5}"
EndProject
Project("{FAE04EC0-301F-11D3-BF4B-00C04F79EFBC}") = "SupervAntesExtraccion", "SupervAntesExtraccion\SupervAntesExtraccion.csproj", "{B7965220-0945-47B6-A376-0866212CAC95}"
EndProject
Project("{FAE04EC0-301F-11D3-BF4B-00C04F79EFBC}") = "THSancionYCaducidad", "THSancionYCaducidad\THSancionYCaducidad.csproj", "{FA70DEC8-40E2-4787-9DE8-D430FDE82E6F}"
EndProject
Project("{FAE04EC0-301F-11D3-BF4B-00C04F79EFBC}") = "ZooObservatorio", "ZooObservatorio\ZooObservatorio.csproj", "{C259756A-DF68-4FAD-93E9-A83190805D37}"
EndProject
Global
	GlobalSection(SolutionConfigurationPlatforms) = preSolution
		Debug|Any CPU = Debug|Any CPU
		Debug|x64 = Debug|x64
		Debug|x86 = Debug|x86
		Release|Any CPU = Release|Any CPU
		Release|x64 = Release|x64
		Release|x86 = Release|x86
	EndGlobalSection
	GlobalSection(ProjectConfigurationPlatforms) = postSolution
		{34248FD8-654D-480D-B7B2-E420137BF6F8}.Debug|Any CPU.ActiveCfg = Debug|Any CPU
		{34248FD8-654D-480D-B7B2-E420137BF6F8}.Debug|Any CPU.Build.0 = Debug|Any CPU
		{34248FD8-654D-480D-B7B2-E420137BF6F8}.Debug|x64.ActiveCfg = Debug|x64
		{34248FD8-654D-480D-B7B2-E420137BF6F8}.Debug|x64.Build.0 = Debug|x64
		{34248FD8-654D-480D-B7B2-E420137BF6F8}.Debug|x86.ActiveCfg = Debug|Any CPU
		{34248FD8-654D-480D-B7B2-E420137BF6F8}.Release|Any CPU.ActiveCfg = Debug|Any CPU
		{34248FD8-654D-480D-B7B2-E420137BF6F8}.Release|Any CPU.Build.0 = Debug|Any CPU
		{34248FD8-654D-480D-B7B2-E420137BF6F8}.Release|x64.ActiveCfg = Release|x64
		{34248FD8-654D-480D-B7B2-E420137BF6F8}.Release|x64.Build.0 = Release|x64
		{34248FD8-654D-480D-B7B2-E420137BF6F8}.Release|x86.ActiveCfg = Release|Any CPU
		{BF545AD9-4151-4739-BFEA-D522F2B215B6}.Debug|Any CPU.ActiveCfg = Debug|Any CPU
		{BF545AD9-4151-4739-BFEA-D522F2B215B6}.Debug|Any CPU.Build.0 = Debug|Any CPU
		{BF545AD9-4151-4739-BFEA-D522F2B215B6}.Debug|x64.ActiveCfg = Debug|x64
		{BF545AD9-4151-4739-BFEA-D522F2B215B6}.Debug|x64.Build.0 = Debug|x64
		{BF545AD9-4151-4739-BFEA-D522F2B215B6}.Debug|x86.ActiveCfg = Debug|Any CPU
		{BF545AD9-4151-4739-BFEA-D522F2B215B6}.Release|Any CPU.ActiveCfg = Debug|Any CPU
		{BF545AD9-4151-4739-BFEA-D522F2B215B6}.Release|Any CPU.Build.0 = Debug|Any CPU
		{BF545AD9-4151-4739-BFEA-D522F2B215B6}.Release|x64.ActiveCfg = Release|x64
		{BF545AD9-4151-4739-BFEA-D522F2B215B6}.Release|x64.Build.0 = Release|x64
		{BF545AD9-4151-4739-BFEA-D522F2B215B6}.Release|x86.ActiveCfg = Release|Any CPU
		{EAF99876-705B-4560-A374-712E6B122A53}.Debug|Any CPU.ActiveCfg = Debug|Any CPU
		{EAF99876-705B-4560-A374-712E6B122A53}.Debug|Any CPU.Build.0 = Debug|Any CPU
		{EAF99876-705B-4560-A374-712E6B122A53}.Debug|x64.ActiveCfg = Debug|x64
		{EAF99876-705B-4560-A374-712E6B122A53}.Debug|x64.Build.0 = Debug|x64
		{EAF99876-705B-4560-A374-712E6B122A53}.Debug|x86.ActiveCfg = Debug|Any CPU
		{EAF99876-705B-4560-A374-712E6B122A53}.Release|Any CPU.ActiveCfg = Release|Any CPU
		{EAF99876-705B-4560-A374-712E6B122A53}.Release|Any CPU.Build.0 = Release|Any CPU
		{EAF99876-705B-4560-A374-712E6B122A53}.Release|x64.ActiveCfg = Release|x64
		{EAF99876-705B-4560-A374-712E6B122A53}.Release|x64.Build.0 = Release|x64
		{EAF99876-705B-4560-A374-712E6B122A53}.Release|x86.ActiveCfg = Release|Any CPU
		{91FACF82-BD98-4A38-8DD1-A396F1649039}.Debug|Any CPU.ActiveCfg = Debug|Any CPU
		{91FACF82-BD98-4A38-8DD1-A396F1649039}.Debug|Any CPU.Build.0 = Debug|Any CPU
		{91FACF82-BD98-4A38-8DD1-A396F1649039}.Debug|x64.ActiveCfg = Debug|x64
		{91FACF82-BD98-4A38-8DD1-A396F1649039}.Debug|x64.Build.0 = Debug|x64
		{91FACF82-BD98-4A38-8DD1-A396F1649039}.Debug|x86.ActiveCfg = Debug|Any CPU
		{91FACF82-BD98-4A38-8DD1-A396F1649039}.Release|Any CPU.ActiveCfg = Release|Any CPU
		{91FACF82-BD98-4A38-8DD1-A396F1649039}.Release|Any CPU.Build.0 = Release|Any CPU
		{91FACF82-BD98-4A38-8DD1-A396F1649039}.Release|x64.ActiveCfg = Release|x64
		{91FACF82-BD98-4A38-8DD1-A396F1649039}.Release|x64.Build.0 = Release|x64
		{91FACF82-BD98-4A38-8DD1-A396F1649039}.Release|x86.ActiveCfg = Release|x86
		{91FACF82-BD98-4A38-8DD1-A396F1649039}.Release|x86.Build.0 = Release|x86
		{0175DB47-DB82-4046-9B5A-E52121314D7F}.Debug|Any CPU.ActiveCfg = Debug|Any CPU
		{0175DB47-DB82-4046-9B5A-E52121314D7F}.Debug|Any CPU.Build.0 = Debug|Any CPU
		{0175DB47-DB82-4046-9B5A-E52121314D7F}.Debug|x64.ActiveCfg = Debug|x64
		{0175DB47-DB82-4046-9B5A-E52121314D7F}.Debug|x64.Build.0 = Debug|x64
		{0175DB47-DB82-4046-9B5A-E52121314D7F}.Debug|x86.ActiveCfg = Debug|Any CPU
		{0175DB47-DB82-4046-9B5A-E52121314D7F}.Release|Any CPU.ActiveCfg = Debug|Any CPU
		{0175DB47-DB82-4046-9B5A-E52121314D7F}.Release|Any CPU.Build.0 = Debug|Any CPU
		{0175DB47-DB82-4046-9B5A-E52121314D7F}.Release|x64.ActiveCfg = Release|x64
		{0175DB47-DB82-4046-9B5A-E52121314D7F}.Release|x64.Build.0 = Release|x64
		{0175DB47-DB82-4046-9B5A-E52121314D7F}.Release|x86.ActiveCfg = Release|Any CPU
		{67137E75-A40A-4606-B536-7E2335B63DFB}.Debug|Any CPU.ActiveCfg = Debug|Any CPU
		{67137E75-A40A-4606-B536-7E2335B63DFB}.Debug|x64.ActiveCfg = Debug|Any CPU
		{67137E75-A40A-4606-B536-7E2335B63DFB}.Debug|x64.Build.0 = Debug|Any CPU
		{67137E75-A40A-4606-B536-7E2335B63DFB}.Debug|x86.ActiveCfg = Debug|Any CPU
		{67137E75-A40A-4606-B536-7E2335B63DFB}.Debug|x86.Build.0 = Debug|Any CPU
		{67137E75-A40A-4606-B536-7E2335B63DFB}.Release|Any CPU.ActiveCfg = Debug|Any CPU
		{67137E75-A40A-4606-B536-7E2335B63DFB}.Release|Any CPU.Build.0 = Debug|Any CPU
		{67137E75-A40A-4606-B536-7E2335B63DFB}.Release|x64.ActiveCfg = Debug|Any CPU
		{67137E75-A40A-4606-B536-7E2335B63DFB}.Release|x64.Build.0 = Debug|Any CPU
		{67137E75-A40A-4606-B536-7E2335B63DFB}.Release|x86.ActiveCfg = Debug|Any CPU
		{67137E75-A40A-4606-B536-7E2335B63DFB}.Release|x86.Build.0 = Debug|Any CPU
		{6B3CFE33-1E6B-4681-A5E1-81C465264454}.Debug|Any CPU.ActiveCfg = Debug|Any CPU
		{6B3CFE33-1E6B-4681-A5E1-81C465264454}.Debug|x64.ActiveCfg = Debug|Any CPU
		{6B3CFE33-1E6B-4681-A5E1-81C465264454}.Debug|x64.Build.0 = Debug|Any CPU
		{6B3CFE33-1E6B-4681-A5E1-81C465264454}.Debug|x86.ActiveCfg = Debug|Any CPU
		{6B3CFE33-1E6B-4681-A5E1-81C465264454}.Debug|x86.Build.0 = Debug|Any CPU
		{6B3CFE33-1E6B-4681-A5E1-81C465264454}.Release|Any CPU.ActiveCfg = Release|Any CPU
		{6B3CFE33-1E6B-4681-A5E1-81C465264454}.Release|Any CPU.Build.0 = Release|Any CPU
		{6B3CFE33-1E6B-4681-A5E1-81C465264454}.Release|x64.ActiveCfg = Release|Any CPU
		{6B3CFE33-1E6B-4681-A5E1-81C465264454}.Release|x64.Build.0 = Release|Any CPU
		{6B3CFE33-1E6B-4681-A5E1-81C465264454}.Release|x86.ActiveCfg = Release|Any CPU
		{6B3CFE33-1E6B-4681-A5E1-81C465264454}.Release|x86.Build.0 = Release|Any CPU
		{82D92A91-011F-49A1-BBD1-BAB602F4BCF3}.Debug|Any CPU.ActiveCfg = Debug|Any CPU
		{82D92A91-011F-49A1-BBD1-BAB602F4BCF3}.Debug|x64.ActiveCfg = Debug|Any CPU
		{82D92A91-011F-49A1-BBD1-BAB602F4BCF3}.Debug|x64.Build.0 = Debug|Any CPU
		{82D92A91-011F-49A1-BBD1-BAB602F4BCF3}.Debug|x86.ActiveCfg = Debug|Any CPU
		{82D92A91-011F-49A1-BBD1-BAB602F4BCF3}.Debug|x86.Build.0 = Debug|Any CPU
		{82D92A91-011F-49A1-BBD1-BAB602F4BCF3}.Release|Any CPU.ActiveCfg = Release|Any CPU
		{82D92A91-011F-49A1-BBD1-BAB602F4BCF3}.Release|Any CPU.Build.0 = Release|Any CPU
		{82D92A91-011F-49A1-BBD1-BAB602F4BCF3}.Release|x64.ActiveCfg = Release|Any CPU
		{82D92A91-011F-49A1-BBD1-BAB602F4BCF3}.Release|x64.Build.0 = Release|Any CPU
		{82D92A91-011F-49A1-BBD1-BAB602F4BCF3}.Release|x86.ActiveCfg = Release|Any CPU
		{82D92A91-011F-49A1-BBD1-BAB602F4BCF3}.Release|x86.Build.0 = Release|Any CPU
		{18696DE0-1065-402E-8754-A048A18229B3}.Debug|Any CPU.ActiveCfg = Debug|Any CPU
		{18696DE0-1065-402E-8754-A048A18229B3}.Debug|Any CPU.Build.0 = Debug|Any CPU
		{18696DE0-1065-402E-8754-A048A18229B3}.Debug|x64.ActiveCfg = Debug|Any CPU
		{18696DE0-1065-402E-8754-A048A18229B3}.Debug|x64.Build.0 = Debug|Any CPU
		{18696DE0-1065-402E-8754-A048A18229B3}.Debug|x86.ActiveCfg = Debug|Any CPU
		{18696DE0-1065-402E-8754-A048A18229B3}.Debug|x86.Build.0 = Debug|Any CPU
		{18696DE0-1065-402E-8754-A048A18229B3}.Release|Any CPU.ActiveCfg = Debug|Any CPU
		{18696DE0-1065-402E-8754-A048A18229B3}.Release|Any CPU.Build.0 = Debug|Any CPU
		{18696DE0-1065-402E-8754-A048A18229B3}.Release|x64.ActiveCfg = Release|Any CPU
		{18696DE0-1065-402E-8754-A048A18229B3}.Release|x64.Build.0 = Release|Any CPU
		{18696DE0-1065-402E-8754-A048A18229B3}.Release|x86.ActiveCfg = Release|Any CPU
		{18696DE0-1065-402E-8754-A048A18229B3}.Release|x86.Build.0 = Release|Any CPU
		{69AAB02F-17CB-462F-9350-BA0D17FBB2BA}.Debug|Any CPU.ActiveCfg = Debug|Any CPU
		{69AAB02F-17CB-462F-9350-BA0D17FBB2BA}.Debug|Any CPU.Build.0 = Debug|Any CPU
		{69AAB02F-17CB-462F-9350-BA0D17FBB2BA}.Debug|x64.ActiveCfg = Debug|Any CPU
		{69AAB02F-17CB-462F-9350-BA0D17FBB2BA}.Debug|x64.Build.0 = Debug|Any CPU
		{69AAB02F-17CB-462F-9350-BA0D17FBB2BA}.Debug|x86.ActiveCfg = Debug|Any CPU
		{69AAB02F-17CB-462F-9350-BA0D17FBB2BA}.Debug|x86.Build.0 = Debug|Any CPU
		{69AAB02F-17CB-462F-9350-BA0D17FBB2BA}.Release|Any CPU.ActiveCfg = Release|Any CPU
		{69AAB02F-17CB-462F-9350-BA0D17FBB2BA}.Release|Any CPU.Build.0 = Release|Any CPU
		{69AAB02F-17CB-462F-9350-BA0D17FBB2BA}.Release|x64.ActiveCfg = Release|Any CPU
		{69AAB02F-17CB-462F-9350-BA0D17FBB2BA}.Release|x64.Build.0 = Release|Any CPU
		{69AAB02F-17CB-462F-9350-BA0D17FBB2BA}.Release|x86.ActiveCfg = Release|Any CPU
		{69AAB02F-17CB-462F-9350-BA0D17FBB2BA}.Release|x86.Build.0 = Release|Any CPU
		{B0CAA51A-AB8E-4AD9-A8BE-B0B62A677E9C}.Debug|Any CPU.ActiveCfg = Debug|Any CPU
		{B0CAA51A-AB8E-4AD9-A8BE-B0B62A677E9C}.Debug|Any CPU.Build.0 = Debug|Any CPU
		{B0CAA51A-AB8E-4AD9-A8BE-B0B62A677E9C}.Debug|x64.ActiveCfg = Debug|Any CPU
		{B0CAA51A-AB8E-4AD9-A8BE-B0B62A677E9C}.Debug|x64.Build.0 = Debug|Any CPU
		{B0CAA51A-AB8E-4AD9-A8BE-B0B62A677E9C}.Debug|x86.ActiveCfg = Debug|Any CPU
		{B0CAA51A-AB8E-4AD9-A8BE-B0B62A677E9C}.Debug|x86.Build.0 = Debug|Any CPU
		{B0CAA51A-AB8E-4AD9-A8BE-B0B62A677E9C}.Release|Any CPU.ActiveCfg = Release|Any CPU
		{B0CAA51A-AB8E-4AD9-A8BE-B0B62A677E9C}.Release|Any CPU.Build.0 = Release|Any CPU
		{B0CAA51A-AB8E-4AD9-A8BE-B0B62A677E9C}.Release|x64.ActiveCfg = Release|Any CPU
		{B0CAA51A-AB8E-4AD9-A8BE-B0B62A677E9C}.Release|x64.Build.0 = Release|Any CPU
		{B0CAA51A-AB8E-4AD9-A8BE-B0B62A677E9C}.Release|x86.ActiveCfg = Release|Any CPU
		{B0CAA51A-AB8E-4AD9-A8BE-B0B62A677E9C}.Release|x86.Build.0 = Release|Any CPU
		{CE713B2B-01D4-4CDF-B48A-CDAE371CDF77}.Debug|Any CPU.ActiveCfg = Debug|Any CPU
		{CE713B2B-01D4-4CDF-B48A-CDAE371CDF77}.Debug|Any CPU.Build.0 = Debug|Any CPU
		{CE713B2B-01D4-4CDF-B48A-CDAE371CDF77}.Debug|x64.ActiveCfg = Debug|Any CPU
		{CE713B2B-01D4-4CDF-B48A-CDAE371CDF77}.Debug|x64.Build.0 = Debug|Any CPU
		{CE713B2B-01D4-4CDF-B48A-CDAE371CDF77}.Debug|x86.ActiveCfg = Debug|Any CPU
		{CE713B2B-01D4-4CDF-B48A-CDAE371CDF77}.Debug|x86.Build.0 = Debug|Any CPU
		{CE713B2B-01D4-4CDF-B48A-CDAE371CDF77}.Release|Any CPU.ActiveCfg = Release|Any CPU
		{CE713B2B-01D4-4CDF-B48A-CDAE371CDF77}.Release|Any CPU.Build.0 = Release|Any CPU
		{CE713B2B-01D4-4CDF-B48A-CDAE371CDF77}.Release|x64.ActiveCfg = Release|Any CPU
		{CE713B2B-01D4-4CDF-B48A-CDAE371CDF77}.Release|x64.Build.0 = Release|Any CPU
		{CE713B2B-01D4-4CDF-B48A-CDAE371CDF77}.Release|x86.ActiveCfg = Release|Any CPU
		{CE713B2B-01D4-4CDF-B48A-CDAE371CDF77}.Release|x86.Build.0 = Release|Any CPU
		{8919DBBA-EE45-4CFA-9401-4E26C2D7B041}.Debug|Any CPU.ActiveCfg = Debug|Any CPU
		{8919DBBA-EE45-4CFA-9401-4E26C2D7B041}.Debug|Any CPU.Build.0 = Debug|Any CPU
		{8919DBBA-EE45-4CFA-9401-4E26C2D7B041}.Debug|x64.ActiveCfg = Debug|Any CPU
		{8919DBBA-EE45-4CFA-9401-4E26C2D7B041}.Debug|x64.Build.0 = Debug|Any CPU
		{8919DBBA-EE45-4CFA-9401-4E26C2D7B041}.Debug|x86.ActiveCfg = Debug|Any CPU
		{8919DBBA-EE45-4CFA-9401-4E26C2D7B041}.Debug|x86.Build.0 = Debug|Any CPU
		{8919DBBA-EE45-4CFA-9401-4E26C2D7B041}.Release|Any CPU.ActiveCfg = Release|Any CPU
		{8919DBBA-EE45-4CFA-9401-4E26C2D7B041}.Release|Any CPU.Build.0 = Release|Any CPU
		{8919DBBA-EE45-4CFA-9401-4E26C2D7B041}.Release|x64.ActiveCfg = Release|Any CPU
		{8919DBBA-EE45-4CFA-9401-4E26C2D7B041}.Release|x64.Build.0 = Release|Any CPU
		{8919DBBA-EE45-4CFA-9401-4E26C2D7B041}.Release|x86.ActiveCfg = Release|Any CPU
		{8919DBBA-EE45-4CFA-9401-4E26C2D7B041}.Release|x86.Build.0 = Release|Any CPU
		{CD569237-62D6-4BE3-8DB9-B052C14E0C32}.Debug|Any CPU.ActiveCfg = Debug|Any CPU
		{CD569237-62D6-4BE3-8DB9-B052C14E0C32}.Debug|Any CPU.Build.0 = Debug|Any CPU
		{CD569237-62D6-4BE3-8DB9-B052C14E0C32}.Debug|x64.ActiveCfg = Debug|Any CPU
		{CD569237-62D6-4BE3-8DB9-B052C14E0C32}.Debug|x64.Build.0 = Debug|Any CPU
		{CD569237-62D6-4BE3-8DB9-B052C14E0C32}.Debug|x86.ActiveCfg = Debug|Any CPU
		{CD569237-62D6-4BE3-8DB9-B052C14E0C32}.Debug|x86.Build.0 = Debug|Any CPU
		{CD569237-62D6-4BE3-8DB9-B052C14E0C32}.Release|Any CPU.ActiveCfg = Release|Any CPU
		{CD569237-62D6-4BE3-8DB9-B052C14E0C32}.Release|Any CPU.Build.0 = Release|Any CPU
		{CD569237-62D6-4BE3-8DB9-B052C14E0C32}.Release|x64.ActiveCfg = Release|Any CPU
		{CD569237-62D6-4BE3-8DB9-B052C14E0C32}.Release|x64.Build.0 = Release|Any CPU
		{CD569237-62D6-4BE3-8DB9-B052C14E0C32}.Release|x86.ActiveCfg = Release|Any CPU
		{CD569237-62D6-4BE3-8DB9-B052C14E0C32}.Release|x86.Build.0 = Release|Any CPU
		{B9C493E7-CF71-49F6-BA9B-FC361FB1FDC5}.Debug|Any CPU.ActiveCfg = Debug|Any CPU
		{B9C493E7-CF71-49F6-BA9B-FC361FB1FDC5}.Debug|Any CPU.Build.0 = Debug|Any CPU
		{B9C493E7-CF71-49F6-BA9B-FC361FB1FDC5}.Debug|x64.ActiveCfg = Debug|Any CPU
		{B9C493E7-CF71-49F6-BA9B-FC361FB1FDC5}.Debug|x64.Build.0 = Debug|Any CPU
		{B9C493E7-CF71-49F6-BA9B-FC361FB1FDC5}.Debug|x86.ActiveCfg = Debug|Any CPU
		{B9C493E7-CF71-49F6-BA9B-FC361FB1FDC5}.Debug|x86.Build.0 = Debug|Any CPU
		{B9C493E7-CF71-49F6-BA9B-FC361FB1FDC5}.Release|Any CPU.ActiveCfg = Release|Any CPU
		{B9C493E7-CF71-49F6-BA9B-FC361FB1FDC5}.Release|Any CPU.Build.0 = Release|Any CPU
		{B9C493E7-CF71-49F6-BA9B-FC361FB1FDC5}.Release|x64.ActiveCfg = Release|Any CPU
		{B9C493E7-CF71-49F6-BA9B-FC361FB1FDC5}.Release|x64.Build.0 = Release|Any CPU
		{B9C493E7-CF71-49F6-BA9B-FC361FB1FDC5}.Release|x86.ActiveCfg = Release|Any CPU
		{B9C493E7-CF71-49F6-BA9B-FC361FB1FDC5}.Release|x86.Build.0 = Release|Any CPU
		{B7965220-0945-47B6-A376-0866212CAC95}.Debug|Any CPU.ActiveCfg = Debug|Any CPU
		{B7965220-0945-47B6-A376-0866212CAC95}.Debug|Any CPU.Build.0 = Debug|Any CPU
		{B7965220-0945-47B6-A376-0866212CAC95}.Debug|x64.ActiveCfg = Debug|Any CPU
		{B7965220-0945-47B6-A376-0866212CAC95}.Debug|x64.Build.0 = Debug|Any CPU
		{B7965220-0945-47B6-A376-0866212CAC95}.Debug|x86.ActiveCfg = Debug|Any CPU
		{B7965220-0945-47B6-A376-0866212CAC95}.Debug|x86.Build.0 = Debug|Any CPU
		{B7965220-0945-47B6-A376-0866212CAC95}.Release|Any CPU.ActiveCfg = Release|Any CPU
		{B7965220-0945-47B6-A376-0866212CAC95}.Release|Any CPU.Build.0 = Release|Any CPU
		{B7965220-0945-47B6-A376-0866212CAC95}.Release|x64.ActiveCfg = Release|Any CPU
		{B7965220-0945-47B6-A376-0866212CAC95}.Release|x64.Build.0 = Release|Any CPU
		{B7965220-0945-47B6-A376-0866212CAC95}.Release|x86.ActiveCfg = Release|Any CPU
		{B7965220-0945-47B6-A376-0866212CAC95}.Release|x86.Build.0 = Release|Any CPU
		{FA70DEC8-40E2-4787-9DE8-D430FDE82E6F}.Debug|Any CPU.ActiveCfg = Debug|Any CPU
		{FA70DEC8-40E2-4787-9DE8-D430FDE82E6F}.Debug|Any CPU.Build.0 = Debug|Any CPU
		{FA70DEC8-40E2-4787-9DE8-D430FDE82E6F}.Debug|x64.ActiveCfg = Debug|Any CPU
		{FA70DEC8-40E2-4787-9DE8-D430FDE82E6F}.Debug|x64.Build.0 = Debug|Any CPU
		{FA70DEC8-40E2-4787-9DE8-D430FDE82E6F}.Debug|x86.ActiveCfg = Debug|Any CPU
		{FA70DEC8-40E2-4787-9DE8-D430FDE82E6F}.Debug|x86.Build.0 = Debug|Any CPU
		{FA70DEC8-40E2-4787-9DE8-D430FDE82E6F}.Release|Any CPU.ActiveCfg = Release|Any CPU
		{FA70DEC8-40E2-4787-9DE8-D430FDE82E6F}.Release|Any CPU.Build.0 = Release|Any CPU
		{FA70DEC8-40E2-4787-9DE8-D430FDE82E6F}.Release|x64.ActiveCfg = Release|Any CPU
		{FA70DEC8-40E2-4787-9DE8-D430FDE82E6F}.Release|x64.Build.0 = Release|Any CPU
		{FA70DEC8-40E2-4787-9DE8-D430FDE82E6F}.Release|x86.ActiveCfg = Release|Any CPU
		{FA70DEC8-40E2-4787-9DE8-D430FDE82E6F}.Release|x86.Build.0 = Release|Any CPU
		{C259756A-DF68-4FAD-93E9-A83190805D37}.Debug|Any CPU.ActiveCfg = Debug|Any CPU
		{C259756A-DF68-4FAD-93E9-A83190805D37}.Debug|Any CPU.Build.0 = Debug|Any CPU
		{C259756A-DF68-4FAD-93E9-A83190805D37}.Debug|x64.ActiveCfg = Debug|Any CPU
		{C259756A-DF68-4FAD-93E9-A83190805D37}.Debug|x64.Build.0 = Debug|Any CPU
		{C259756A-DF68-4FAD-93E9-A83190805D37}.Debug|x86.ActiveCfg = Debug|Any CPU
		{C259756A-DF68-4FAD-93E9-A83190805D37}.Debug|x86.Build.0 = Debug|Any CPU
		{C259756A-DF68-4FAD-93E9-A83190805D37}.Release|Any CPU.ActiveCfg = Release|Any CPU
		{C259756A-DF68-4FAD-93E9-A83190805D37}.Release|Any CPU.Build.0 = Release|Any CPU
		{C259756A-DF68-4FAD-93E9-A83190805D37}.Release|x64.ActiveCfg = Release|Any CPU
		{C259756A-DF68-4FAD-93E9-A83190805D37}.Release|x64.Build.0 = Release|Any CPU
		{C259756A-DF68-4FAD-93E9-A83190805D37}.Release|x86.ActiveCfg = Release|Any CPU
		{C259756A-DF68-4FAD-93E9-A83190805D37}.Release|x86.Build.0 = Release|Any CPU
	EndGlobalSection
	GlobalSection(SolutionProperties) = preSolution
		HideSolutionNode = FALSE
	EndGlobalSection
	GlobalSection(ExtensibilityGlobals) = postSolution
		SolutionGuid = {CF6C8CE9-CF46-4CEF-B89C-836C9F00FB49}
	EndGlobalSection
EndGlobal
